
Microsoft Visual Studio Solution File, Format Version 12.00
# Visual Studio Version 16
VisualStudioVersion = 16.0.29920.165
MinimumVisualStudioVersion = 10.0.40219.1
Project("{888888A0-9F3D-457C-B088-3A5042F75D52}") = "ASLRocketShipToSpace", "ASLRocketShipToSpace\ASLRocketShipToSpace.pyproj", "{5E6ABCB9-7469-427C-AF06-7269AAE5719B}"
EndProject
Global
	GlobalSection(SolutionConfigurationPlatforms) = preSolution
		Debug|Any CPU = Debug|Any CPU
		Release|Any CPU = Release|Any CPU
	EndGlobalSection
	GlobalSection(ProjectConfigurationPlatforms) = postSolution
		{5E6ABCB9-7469-427C-AF06-7269AAE5719B}.Debug|Any CPU.ActiveCfg = Debug|Any CPU
		{5E6ABCB9-7469-427C-AF06-7269AAE5719B}.Debug|Any CPU.Build.0 = Debug|Any CPU
		{5E6ABCB9-7469-427C-AF06-7269AAE5719B}.Release|Any CPU.ActiveCfg = Release|Any CPU
		{5E6ABCB9-7469-427C-AF06-7269AAE5719B}.Release|Any CPU.Build.0 = Release|Any CPU
	EndGlobalSection
	GlobalSection(SolutionProperties) = preSolution
		HideSolutionNode = FALSE
	EndGlobalSection
	GlobalSection(ExtensibilityGlobals) = postSolution
		SolutionGuid = {C78CE84A-41FD-4731-8635-3692B47AAA0F}
	EndGlobalSection
EndGlobal
